
Microsoft Visual Studio Solution File, Format Version 12.00
# Visual Studio Version 17
VisualStudioVersion = 17.10.35027.167
MinimumVisualStudioVersion = 10.0.40219.1
Project("{FAE04EC0-301F-11D3-BF4B-00C04F79EFBC}") = "codeline", "codeline\codeline.csproj", "{D7978C46-CE7E-432A-86E7-2ADC1BD9C7CE}"
EndProject
Global
	GlobalSection(SolutionConfigurationPlatforms) = preSolution
		Debug|Any CPU = Debug|Any CPU
		Release|Any CPU = Release|Any CPU
	EndGlobalSection
	GlobalSection(ProjectConfigurationPlatforms) = postSolution
		{D7978C46-CE7E-432A-86E7-2ADC1BD9C7CE}.Debug|Any CPU.ActiveCfg = Debug|Any CPU
		{D7978C46-CE7E-432A-86E7-2ADC1BD9C7CE}.Debug|Any CPU.Build.0 = Debug|Any CPU
		{D7978C46-CE7E-432A-86E7-2ADC1BD9C7CE}.Release|Any CPU.ActiveCfg = Release|Any CPU
		{D7978C46-CE7E-432A-86E7-2ADC1BD9C7CE}.Release|Any CPU.Build.0 = Release|Any CPU
	EndGlobalSection
	GlobalSection(SolutionProperties) = preSolution
		HideSolutionNode = FALSE
	EndGlobalSection
	GlobalSection(ExtensibilityGlobals) = postSolution
		SolutionGuid = {D58B8E24-6291-4666-8A08-EDA9C35FDC98}
	EndGlobalSection
EndGlobal
